
Microsoft Visual Studio Solution File, Format Version 12.00
# Visual Studio Version 17
VisualStudioVersion = 17.9.34607.119
MinimumVisualStudioVersion = 10.0.40219.1
Project("{FAE04EC0-301F-11D3-BF4B-00C04F79EFBC}") = "kursovaya", "kursovaya\kursovaya.csproj", "{95FD1EC1-E9A1-4B0C-8108-E7DFDB66F45F}"
EndProject
Global
	GlobalSection(SolutionConfigurationPlatforms) = preSolution
		Debug|Any CPU = Debug|Any CPU
		Release|Any CPU = Release|Any CPU
	EndGlobalSection
	GlobalSection(ProjectConfigurationPlatforms) = postSolution
		{95FD1EC1-E9A1-4B0C-8108-E7DFDB66F45F}.Debug|Any CPU.ActiveCfg = Release|Any CPU
		{95FD1EC1-E9A1-4B0C-8108-E7DFDB66F45F}.Debug|Any CPU.Build.0 = Release|Any CPU
		{95FD1EC1-E9A1-4B0C-8108-E7DFDB66F45F}.Release|Any CPU.ActiveCfg = Release|Any CPU
		{95FD1EC1-E9A1-4B0C-8108-E7DFDB66F45F}.Release|Any CPU.Build.0 = Release|Any CPU
	EndGlobalSection
	GlobalSection(SolutionProperties) = preSolution
		HideSolutionNode = FALSE
	EndGlobalSection
	GlobalSection(ExtensibilityGlobals) = postSolution
		SolutionGuid = {0594150C-4852-4027-9B20-E57EE928B0ED}
	EndGlobalSection
EndGlobal
